
Microsoft Visual Studio Solution File, Format Version 12.00
# Visual Studio Version 17
VisualStudioVersion = 17.0.31903.59
MinimumVisualStudioVersion = 10.0.40219.1
Project("{FAE04EC0-301F-11D3-BF4B-00C04F79EFBC}") = "WebApiMinimal", "WebApiMinimal\WebApiMinimal.csproj", "{8F8F1B2B-17FC-48B2-9428-B74D8F231480}"
EndProject
Global
	GlobalSection(SolutionConfigurationPlatforms) = preSolution
		Debug|Any CPU = Debug|Any CPU
		Release|Any CPU = Release|Any CPU
	EndGlobalSection
	GlobalSection(ProjectConfigurationPlatforms) = postSolution
		{8F8F1B2B-17FC-48B2-9428-B74D8F231480}.Debug|Any CPU.ActiveCfg = Debug|Any CPU
		{8F8F1B2B-17FC-48B2-9428-B74D8F231480}.Debug|Any CPU.Build.0 = Debug|Any CPU
		{8F8F1B2B-17FC-48B2-9428-B74D8F231480}.Release|Any CPU.ActiveCfg = Release|Any CPU
		{8F8F1B2B-17FC-48B2-9428-B74D8F231480}.Release|Any CPU.Build.0 = Release|Any CPU
	EndGlobalSection
	GlobalSection(SolutionProperties) = preSolution
		HideSolutionNode = FALSE
	EndGlobalSection
	GlobalSection(ExtensibilityGlobals) = postSolution
		SolutionGuid = {FB2D94A6-9F3C-4363-9C01-3096BBAE012C}
	EndGlobalSection
EndGlobal
